
Microsoft Visual Studio Solution File, Format Version 12.00
# Visual Studio Version 17
VisualStudioVersion = 17.5.33516.290
MinimumVisualStudioVersion = 10.0.40219.1
Project("{FAE04EC0-301F-11D3-BF4B-00C04F79EFBC}") = "Shopping", "Shopping\Shopping.csproj", "{3860BECB-5F73-4680-8AF1-2A0B07807971}"
EndProject
Global
	GlobalSection(SolutionConfigurationPlatforms) = preSolution
		Debug|Any CPU = Debug|Any CPU
		Release|Any CPU = Release|Any CPU
	EndGlobalSection
	GlobalSection(ProjectConfigurationPlatforms) = postSolution
		{3860BECB-5F73-4680-8AF1-2A0B07807971}.Debug|Any CPU.ActiveCfg = Debug|Any CPU
		{3860BECB-5F73-4680-8AF1-2A0B07807971}.Debug|Any CPU.Build.0 = Debug|Any CPU
		{3860BECB-5F73-4680-8AF1-2A0B07807971}.Release|Any CPU.ActiveCfg = Release|Any CPU
		{3860BECB-5F73-4680-8AF1-2A0B07807971}.Release|Any CPU.Build.0 = Release|Any CPU
	EndGlobalSection
	GlobalSection(SolutionProperties) = preSolution
		HideSolutionNode = FALSE
	EndGlobalSection
	GlobalSection(ExtensibilityGlobals) = postSolution
		SolutionGuid = {D8B8CEC8-9E21-41E5-8132-65B3AB38E29C}
	EndGlobalSection
EndGlobal
